%{
  "bunt": {:hex, :bunt, "1.0.0", "081c2c665f086849e6d57900292b3a161727ab40431219529f13c4ddcf3e7a44", [:mix], [], "hexpm", "dc5f86aa08a5f6fa6b8096f0735c4e76d54ae5c9fa2c143e5a1fc7c1cd9bb6b5"},
  "bypass": {:hex, :bypass, "2.1.0", "909782781bf8e20ee86a9cabde36b259d44af8b9f38756173e8f5e2e1fabb9b1", [:mix], [{:plug, "~> 1.7", [hex: :plug, repo: "hexpm", optional: false]}, {:plug_cowboy, "~> 2.0", [hex: :plug_cowboy, repo: "hexpm", optional: false]}, {:ranch, "~> 1.3", [hex: :ranch, repo: "hexpm", optional: false]}], "hexpm", "d9b5df8fa5b7a6efa08384e9bbecfe4ce61c77d28a4282f79e02f1ef78d96b80"},
  "cowboy": {:hex, :cowboy, "2.10.0", "ff9ffeff91dae4ae270dd975642997afe2a1179d94b1887863e43f681a203e26", [:make, :rebar3], [{:cowlib, "2.12.1", [hex: :cowlib, repo: "hexpm", optional: false]}, {:ranch, "1.8.0", [hex: :ranch, repo: "hexpm", optional: false]}], "hexpm", "3afdccb7183cc6f143cb14d3cf51fa00e53db9ec80cdcd525482f5e99bc41d6b"},
  "cowboy_telemetry": {:hex, :cowboy_telemetry, "0.4.0", "f239f68b588efa7707abce16a84d0d2acf3a0f50571f8bb7f56a15865aae820c", [:rebar3], [{:cowboy, "~> 2.7", [hex: :cowboy, repo: "hexpm", optional: false]}, {:telemetry, "~> 1.0", [hex: :telemetry, repo: "hexpm", optional: false]}], "hexpm", "7d98bac1ee4565d31b62d59f8823dfd8356a169e7fcbb83831b8a5397404c9de"},
  "cowlib": {:hex, :cowlib, "2.12.1", "a9fa9a625f1d2025fe6b462cb865881329b5caff8f1854d1cbc9f9533f00e1e1", [:make, :rebar3], [], "hexpm", "163b73f6367a7341b33c794c4e88e7dbfe6498ac42dcd69ef44c5bc5507c8db0"},
  "credo": {:hex, :credo, "1.7.7", "771445037228f763f9b2afd612b6aa2fd8e28432a95dbbc60d8e03ce71ba4446", [:mix], [{:bunt, "~> 0.2.1 or ~> 1.0", [hex: :bunt, repo: "hexpm", optional: false]}, {:file_system, "~> 0.2 or ~> 1.0", [hex: :file_system, repo: "hexpm", optional: false]}, {:jason, "~> 1.0", [hex: :jason, repo: "hexpm", optional: false]}], "hexpm", "8bc87496c9aaacdc3f90f01b7b0582467b69b4bd2441fe8aae3109d843cc2f2e"},
  "dialyxir": {:hex, :dialyxir, "1.4.3", "edd0124f358f0b9e95bfe53a9fcf806d615d8f838e2202a9f430d59566b6b53b", [:mix], [{:erlex, ">= 0.2.6", [hex: :erlex, repo: "hexpm", optional: false]}], "hexpm", "bf2cfb75cd5c5006bec30141b131663299c661a864ec7fbbc72dfa557487a986"},
  "dockerexec": {:hex, :dockerexec, "2.0.3", "48c6c7a11e7497c3904aaadb824d8d874ad851f2bcce6385eea244f14ecea9fd", [:rebar3], [], "hexpm", "5022e927166d42351311a0103fae6df8ee083f8faa9365a61c5733e7db86e61c"},
  "domainatrex": {:hex, :domainatrex, "3.0.4", "cdaec543d6ab55c6ae634908e31d74b795c8b6b3ec08296ba8df29d6754cf180", [:mix], [], "hexpm", "de17d94ceec1135f3a62dab4a403c899d87558c304fb4b72198b8c87ea49444b"},
  "earmark_parser": {:hex, :earmark_parser, "1.4.40", "f3534689f6b58f48aa3a9ac850d4f05832654fe257bf0549c08cc290035f70d5", [:mix], [], "hexpm", "cdb34f35892a45325bad21735fadb88033bcb7c4c296a999bde769783f53e46a"},
  "erlex": {:hex, :erlex, "0.2.6", "c7987d15e899c7a2f34f5420d2a2ea0d659682c06ac607572df55a43753aa12e", [:mix], [], "hexpm", "2ed2e25711feb44d52b17d2780eabf998452f6efda104877a3881c2f8c0c0c75"},
  "ex_doc": {:hex, :ex_doc, "0.34.2", "13eedf3844ccdce25cfd837b99bea9ad92c4e511233199440488d217c92571e8", [:mix], [{:earmark_parser, "~> 1.4.39", [hex: :earmark_parser, repo: "hexpm", optional: false]}, {:makeup_c, ">= 0.1.0", [hex: :makeup_c, repo: "hexpm", optional: true]}, {:makeup_elixir, "~> 0.14 or ~> 1.0", [hex: :makeup_elixir, repo: "hexpm", optional: false]}, {:makeup_erlang, "~> 0.1 or ~> 1.0", [hex: :makeup_erlang, repo: "hexpm", optional: false]}, {:makeup_html, ">= 0.1.0", [hex: :makeup_html, repo: "hexpm", optional: true]}], "hexpm", "5ce5f16b41208a50106afed3de6a2ed34f4acfd65715b82a0b84b49d995f95c1"},
  "example_test": {:hex, :example_test, "0.0.1", "1de36da006fd368944d177387124c8cf5ecb7823681a3683ae7d34dd49dca587", [:mix], [], "hexpm", "4796cd16128309781105a5bde3d81526e42df727f77c9537965a28d2ae77bcee"},
  "excoveralls": {:hex, :excoveralls, "0.18.3", "bca47a24d69a3179951f51f1db6d3ed63bca9017f476fe520eb78602d45f7756", [:mix], [{:castore, "~> 1.0", [hex: :castore, repo: "hexpm", optional: true]}, {:jason, "~> 1.0", [hex: :jason, repo: "hexpm", optional: false]}], "hexpm", "746f404fcd09d5029f1b211739afb8fb8575d775b21f6a3908e7ce3e640724c6"},
  "file_system": {:hex, :file_system, "1.0.0", "b689cc7dcee665f774de94b5a832e578bd7963c8e637ef940cd44327db7de2cd", [:mix], [], "hexpm", "6752092d66aec5a10e662aefeed8ddb9531d79db0bc145bb8c40325ca1d8536d"},
  "floki": {:hex, :floki, "0.36.1", "712b7f2ba19a4d5a47dfe3e74d81876c95bbcbee44fe551f0af3d2a388abb3da", [:mix], [], "hexpm", "21ba57abb8204bcc70c439b423fc0dd9f0286de67dc82773a14b0200ada0995f"},
  "jason": {:hex, :jason, "1.4.4", "b9226785a9aa77b6857ca22832cffa5d5011a667207eb2a0ad56adb5db443b8a", [:mix], [{:decimal, "~> 1.0 or ~> 2.0", [hex: :decimal, repo: "hexpm", optional: true]}], "hexpm", "c5eb0cab91f094599f94d55bc63409236a8ec69a21a67814529e8d5f6cc90b3b"},
  "makeup": {:hex, :makeup, "1.1.2", "9ba8837913bdf757787e71c1581c21f9d2455f4dd04cfca785c70bbfff1a76a3", [:mix], [{:nimble_parsec, "~> 1.2.2 or ~> 1.3", [hex: :nimble_parsec, repo: "hexpm", optional: false]}], "hexpm", "cce1566b81fbcbd21eca8ffe808f33b221f9eee2cbc7a1706fc3da9ff18e6cac"},
  "makeup_elixir": {:hex, :makeup_elixir, "0.16.2", "627e84b8e8bf22e60a2579dad15067c755531fea049ae26ef1020cad58fe9578", [:mix], [{:makeup, "~> 1.0", [hex: :makeup, repo: "hexpm", optional: false]}, {:nimble_parsec, "~> 1.2.3 or ~> 1.3", [hex: :nimble_parsec, repo: "hexpm", optional: false]}], "hexpm", "41193978704763f6bbe6cc2758b84909e62984c7752b3784bd3c218bb341706b"},
  "makeup_erlang": {:hex, :makeup_erlang, "1.0.0", "6f0eff9c9c489f26b69b61440bf1b238d95badae49adac77973cbacae87e3c2e", [:mix], [{:makeup, "~> 1.0", [hex: :makeup, repo: "hexpm", optional: false]}], "hexpm", "ea7a9307de9d1548d2a72d299058d1fd2339e3d398560a0e46c27dab4891e4d2"},
  "mime": {:hex, :mime, "2.0.5", "dc34c8efd439abe6ae0343edbb8556f4d63f178594894720607772a041b04b02", [:mix], [], "hexpm", "da0d64a365c45bc9935cc5c8a7fc5e49a0e0f9932a761c55d6c52b142780a05c"},
  "nimble_parsec": {:hex, :nimble_parsec, "1.4.0", "51f9b613ea62cfa97b25ccc2c1b4216e81df970acd8e16e8d1bdc58fef21370d", [:mix], [], "hexpm", "9c565862810fb383e9838c1dd2d7d2c437b3d13b267414ba6af33e50d2d1cf28"},
  "patch": {:hex, :patch, "0.13.1", "2da5b508e4d6558924a0959d95dc3aa8176b5ccf2539e4567481448d61853ccc", [:mix], [], "hexpm", "75f805827d9db0c335155fbb857e6eeb5c85034c9dc668d146bc0bfe48fac822"},
  "plug": {:hex, :plug, "1.15.3", "712976f504418f6dff0a3e554c40d705a9bcf89a7ccef92fc6a5ef8f16a30a97", [:mix], [{:mime, "~> 1.0 or ~> 2.0", [hex: :mime, repo: "hexpm", optional: false]}, {:plug_crypto, "~> 1.1.1 or ~> 1.2 or ~> 2.0", [hex: :plug_crypto, repo: "hexpm", optional: false]}, {:telemetry, "~> 0.4.3 or ~> 1.0", [hex: :telemetry, repo: "hexpm", optional: false]}], "hexpm", "cc4365a3c010a56af402e0809208873d113e9c38c401cabd88027ef4f5c01fd2"},
  "plug_cowboy": {:hex, :plug_cowboy, "2.6.2", "753611b23b29231fb916b0cdd96028084b12aff57bfd7b71781bd04b1dbeb5c9", [:mix], [{:cowboy, "~> 2.7", [hex: :cowboy, repo: "hexpm", optional: false]}, {:cowboy_telemetry, "~> 0.3", [hex: :cowboy_telemetry, repo: "hexpm", optional: false]}, {:plug, "~> 1.14", [hex: :plug, repo: "hexpm", optional: false]}], "hexpm", "951ed2433df22f4c97b85fdb145d4cee561f36b74854d64c06d896d7cd2921a7"},
  "plug_crypto": {:hex, :plug_crypto, "2.0.0", "77515cc10af06645abbfb5e6ad7a3e9714f805ae118fa1a70205f80d2d70fe73", [:mix], [], "hexpm", "53695bae57cc4e54566d993eb01074e4d894b65a3766f1c43e2c61a1b0f45ea9"},
  "ranch": {:hex, :ranch, "1.8.0", "8c7a100a139fd57f17327b6413e4167ac559fbc04ca7448e9be9057311597a1d", [:make, :rebar3], [], "hexpm", "49fbcfd3682fab1f5d109351b61257676da1a2fdbe295904176d5e521a2ddfe5"},
  "styler": {:hex, :styler, "1.1.1", "ccb55763316915b5de532bf14c587c211ddc86bc749ac676e74dfacd3894cc0d", [:mix], [], "hexpm", "80ce12fb862e13d998589eea7c1932f4e6ce9d6ded2182cb322f8f9b2b8d3632"},
  "telemetry": {:hex, :telemetry, "1.2.1", "68fdfe8d8f05a8428483a97d7aab2f268aaff24b49e0f599faa091f1d4e7f61c", [:rebar3], [], "hexpm", "dad9ce9d8effc621708f99eac538ef1cbe05d6a874dd741de2e689c47feafed5"},
  "typed_struct": {:hex, :typed_struct, "0.3.0", "939789e3c1dca39d7170c87f729127469d1315dcf99fee8e152bb774b17e7ff7", [:mix], [], "hexpm", "c50bd5c3a61fe4e198a8504f939be3d3c85903b382bde4865579bc23111d1b6d"},
}
